// !$*UTF8*$!
{
	archiveVersion = 1;
	classes = {
	};
	objectVersion = 46;
	objects = {

/* Begin PBXBuildFile section */
		8F4A84F71B88961A00F0F101 /* main.m in Sources */ = {isa = PBXBuildFile; fileRef = 8F4A84F61B88961A00F0F101 /* main.m */; };
		8F4A84FA1B88961A00F0F101 /* AppDelegate.m in Sources */ = {isa = PBXBuildFile; fileRef = 8F4A84F91B88961A00F0F101 /* AppDelegate.m */; };
		8F4A84FD1B88961A00F0F101 /* ViewController.m in Sources */ = {isa = PBXBuildFile; fileRef = 8F4A84FC1B88961A00F0F101 /* ViewController.m */; };
		8F4A85001B88961A00F0F101 /* Main.storyboard in Resources */ = {isa = PBXBuildFile; fileRef = 8F4A84FE1B88961A00F0F101 /* Main.storyboard */; };
		8F4A85021B88961A00F0F101 /* Images.xcassets in Resources */ = {isa = PBXBuildFile; fileRef = 8F4A85011B88961A00F0F101 /* Images.xcassets */; };
		8F4A85051B88961A00F0F101 /* LaunchScreen.xib in Resources */ = {isa = PBXBuildFile; fileRef = 8F4A85031B88961A00F0F101 /* LaunchScreen.xib */; };
		8F4A85111B88961A00F0F101 /* _22_02___demoTests.m in Sources */ = {isa = PBXBuildFile; fileRef = 8F4A85101B88961A00F0F101 /* _22_02___demoTests.m */; };
/* End PBXBuildFile section */

/* Begin PBXContainerItemProxy section */
		8F4A850B1B88961A00F0F101 /* PBXContainerItemProxy */ = {
			isa = PBXContainerItemProxy;
			containerPortal = 8F4A84E91B88961A00F0F101 /* Project object */;
			proxyType = 1;
			remoteGlobalIDString = 8F4A84F01B88961A00F0F101;
			remoteInfo = "822-02-时钟demo";
		};
/* End PBXContainerItemProxy section */

/* Begin PBXFileReference section */
		8F4A84F11B88961A00F0F101 /* 822-02-时钟demo.app */ = {isa = PBXFileReference; explicitFileType = wrapper.application; includeInIndex = 0; path = "822-02-时钟demo.app"; sourceTree = BUILT_PRODUCTS_DIR; };
		8F4A84F51B88961A00F0F101 /* Info.plist */ = {isa = PBXFileReference; lastKnownFileType = text.plist.xml; path = Info.plist; sourceTree = "<group>"; };
		8F4A84F61B88961A00F0F101 /* main.m */ = {isa = PBXFileReference; lastKnownFileType = sourcecode.c.objc; path = main.m; sourceTree = "<group>"; };
		8F4A84F81B88961A00F0F101 /* AppDelegate.h */ = {isa = PBXFileReference; lastKnownFileType = sourcecode.c.h; path = AppDelegate.h; sourceTree = "<group>"; };
		8F4A84F91B88961A00F0F101 /* AppDelegate.m */ = {isa = PBXFileReference; lastKnownFileType = sourcecode.c.objc; path = AppDelegate.m; sourceTree = "<group>"; };
		8F4A84FB1B88961A00F0F101 /* ViewController.h */ = {isa = PBXFileReference; lastKnownFileType = sourcecode.c.h; path = ViewController.h; sourceTree = "<group>"; };
		8F4A84FC1B88961A00F0F101 /* ViewController.m */ = {isa = PBXFileReference; lastKnownFileType = sourcecode.c.objc; path = ViewController.m; sourceTree = "<group>"; };
		8F4A84FF1B88961A00F0F101 /* Base */ = {isa = PBXFileReference; lastKnownFileType = file.storyboard; name = Base; path = Base.lproj/Main.storyboard; sourceTree = "<group>"; };
		8F4A85011B88961A00F0F101 /* Images.xcassets */ = {isa = PBXFileReference; lastKnownFileType = folder.assetcatalog; path = Images.xcassets; sourceTree = "<group>"; };
		8F4A85041B88961A00F0F101 /* Base */ = {isa = PBXFileReference; lastKnownFileType = file.xib; name = Base; path = Base.lproj/LaunchScreen.xib; sourceTree = "<group>"; };
		8F4A850A1B88961A00F0F101 /* 822-02-时钟demoTests.xctest */ = {isa = PBXFileReference; explicitFileType = wrapper.cfbundle; includeInIndex = 0; path = "822-02-时钟demoTests.xctest"; sourceTree = BUILT_PRODUCTS_DIR; };
		8F4A850F1B88961A00F0F101 /* Info.plist */ = {isa = PBXFileReference; lastKnownFileType = text.plist.xml; path = Info.plist; sourceTree = "<group>"; };
		8F4A85101B88961A00F0F101 /* _22_02___demoTests.m */ = {isa = PBXFileReference; lastKnownFileType = sourcecode.c.objc; path = "_22_02___demoTests.m"; sourceTree = "<group>"; };
/* End PBXFileReference section */

/* Begin PBXFrameworksBuildPhase section */
		8F4A84EE1B88961A00F0F101 /* Frameworks */ = {
			isa = PBXFrameworksBuildPhase;
			buildActionMask = 2147483647;
			files = (
			);
			runOnlyForDeploymentPostprocessing = 0;
		};
		8F4A85071B88961A00F0F101 /* Frameworks */ = {
			isa = PBXFrameworksBuildPhase;
			buildActionMask = 2147483647;
			files = (
			);
			runOnlyForDeploymentPostprocessing = 0;
		};
/* End PBXFrameworksBuildPhase section */

/* Begin PBXGroup section */
		8F4A84E81B88961A00F0F101 = {
			isa = PBXGroup;
			children = (
				8F4A84F31B88961A00F0F101 /* 822-02-时钟demo */,
				8F4A850D1B88961A00F0F101 /* 822-02-时钟demoTests */,
				8F4A84F21B88961A00F0F101 /* Products */,
			);
			sourceTree = "<group>";
		};
		8F4A84F21B88961A00F0F101 /* Products */ = {
			isa = PBXGroup;
			children = (
				8F4A84F11B88961A00F0F101 /* 822-02-时钟demo.app */,
				8F4A850A1B88961A00F0F101 /* 822-02-时钟demoTests.xctest */,
			);
			name = Products;
			sourceTree = "<group>";
		};
		8F4A84F31B88961A00F0F101 /* 822-02-时钟demo */ = {
			isa = PBXGroup;
			children = (
				8F4A84F81B88961A00F0F101 /* AppDelegate.h */,
				8F4A84F91B88961A00F0F101 /* AppDelegate.m */,
				8F4A84FB1B88961A00F0F101 /* ViewController.h */,
				8F4A84FC1B88961A00F0F101 /* ViewController.m */,
				8F4A84FE1B88961A00F0F101 /* Main.storyboard */,
				8F4A85011B88961A00F0F101 /* Images.xcassets */,
				8F4A85031B88961A00F0F101 /* LaunchScreen.xib */,
				8F4A84F41B88961A00F0F101 /* Supporting Files */,
			);
			path = "822-02-时钟demo";
			sourceTree = "<group>";
		};
		8F4A84F41B88961A00F0F101 /* Supporting Files */ = {
			isa = PBXGroup;
			children = (
				8F4A84F51B88961A00F0F101 /* Info.plist */,
				8F4A84F61B88961A00F0F101 /* main.m */,
			);
			name = "Supporting Files";
			sourceTree = "<group>";
		};
		8F4A850D1B88961A00F0F101 /* 822-02-时钟demoTests */ = {
			isa = PBXGroup;
			children = (
				8F4A85101B88961A00F0F101 /* _22_02___demoTests.m */,
				8F4A850E1B88961A00F0F101 /* Supporting Files */,
			);
			path = "822-02-时钟demoTests";
			sourceTree = "<group>";
		};
		8F4A850E1B88961A00F0F101 /* Supporting Files */ = {
			isa = PBXGroup;
			children = (
				8F4A850F1B88961A00F0F101 /* Info.plist */,
			);
			name = "Supporting Files";
			sourceTree = "<group>";
		};
/* End PBXGroup section */

/* Begin PBXNativeTarget section */
		8F4A84F01B88961A00F0F101 /* 822-02-时钟demo */ = {
			isa = PBXNativeTarget;
			buildConfigurationList = 8F4A85141B88961A00F0F101 /* Build configuration list for PBXNativeTarget "822-02-时钟demo" */;
			buildPhases = (
				8F4A84ED1B88961A00F0F101 /* Sources */,
				8F4A84EE1B88961A00F0F101 /* Frameworks */,
				8F4A84EF1B88961A00F0F101 /* Resources */,
			);
			buildRules = (
			);
			dependencies = (
			);
			name = "822-02-时钟demo";
			productName = "822-02-时钟demo";
			productReference = 8F4A84F11B88961A00F0F101 /* 822-02-时钟demo.app */;
			productType = "com.apple.product-type.application";
		};
		8F4A85091B88961A00F0F101 /* 822-02-时钟demoTests */ = {
			isa = PBXNativeTarget;
			buildConfigurationList = 8F4A85171B88961A00F0F101 /* Build configuration list for PBXNativeTarget "822-02-时钟demoTests" */;
			buildPhases = (
				8F4A85061B88961A00F0F101 /* Sources */,
				8F4A85071B88961A00F0F101 /* Frameworks */,
				8F4A85081B88961A00F0F101 /* Resources */,
			);
			buildRules = (
			);
			dependencies = (
				8F4A850C1B88961A00F0F101 /* PBXTargetDependency */,
			);
			name = "822-02-时钟demoTests";
			productName = "822-02-时钟demoTests";
			productReference = 8F4A850A1B88961A00F0F101 /* 822-02-时钟demoTests.xctest */;
			productType = "com.apple.product-type.bundle.unit-test";
		};
/* End PBXNativeTarget section */

/* Begin PBXProject section */
		8F4A84E91B88961A00F0F101 /* Project object */ = {
			isa = PBXProject;
			attributes = {
				LastUpgradeCheck = 0640;
				ORGANIZATIONNAME = CYX;
				TargetAttributes = {
					8F4A84F01B88961A00F0F101 = {
						CreatedOnToolsVersion = 6.4;
					};
					8F4A85091B88961A00F0F101 = {
						CreatedOnToolsVersion = 6.4;
						TestTargetID = 8F4A84F01B88961A00F0F101;
					};
				};
			};
			buildConfigurationList = 8F4A84EC1B88961A00F0F101 /* Build configuration list for PBXProject "822-02-时钟demo" */;
			compatibilityVersion = "Xcode 3.2";
			developmentRegion = English;
			hasScannedForEncodings = 0;
			knownRegions = (
				en,
				Base,
			);
			mainGroup = 8F4A84E81B88961A00F0F101;
			productRefGroup = 8F4A84F21B88961A00F0F101 /* Products */;
			projectDirPath = "";
			projectRoot = "";
			targets = (
				8F4A84F01B88961A00F0F101 /* 822-02-时钟demo */,
				8F4A85091B88961A00F0F101 /* 822-02-时钟demoTests */,
			);
		};
/* End PBXProject section */

/* Begin PBXResourcesBuildPhase section */
		8F4A84EF1B88961A00F0F101 /* Resources */ = {
			isa = PBXResourcesBuildPhase;
			buildActionMask = 2147483647;
			files = (
				8F4A85001B88961A00F0F101 /* Main.storyboard in Resources */,
				8F4A85051B88961A00F0F101 /* LaunchScreen.xib in Resources */,
				8F4A85021B88961A00F0F101 /* Images.xcassets in Resources */,
			);
			runOnlyForDeploymentPostprocessing = 0;
		};
		8F4A85081B88961A00F0F101 /* Resources */ = {
			isa = PBXResourcesBuildPhase;
			buildActionMask = 2147483647;
			files = (
			);
			runOnlyForDeploymentPostprocessing = 0;
		};
/* End PBXResourcesBuildPhase section */

/* Begin PBXSourcesBuildPhase section */
		8F4A84ED1B88961A00F0F101 /* Sources */ = {
			isa = PBXSourcesBuildPhase;
			buildActionMask = 2147483647;
			files = (
				8F4A84FD1B88961A00F0F101 /* ViewController.m in Sources */,
				8F4A84FA1B88961A00F0F101 /* AppDelegate.m in Sources */,
				8F4A84F71B88961A00F0F101 /* main.m in Sources */,
			);
			runOnlyForDeploymentPostprocessing = 0;
		};
		8F4A85061B88961A00F0F101 /* Sources */ = {
			isa = PBXSourcesBuildPhase;
			buildActionMask = 2147483647;
			files = (
				8F4A85111B88961A00F0F101 /* _22_02___demoTests.m in Sources */,
			);
			runOnlyForDeploymentPostprocessing = 0;
		};
/* End PBXSourcesBuildPhase section */

/* Begin PBXTargetDependency section */
		8F4A850C1B88961A00F0F101 /* PBXTargetDependency */ = {
			isa = PBXTargetDependency;
			target = 8F4A84F01B88961A00F0F101 /* 822-02-时钟demo */;
			targetProxy = 8F4A850B1B88961A00F0F101 /* PBXContainerItemProxy */;
		};
/* End PBXTargetDependency section */

/* Begin PBXVariantGroup section */
		8F4A84FE1B88961A00F0F101 /* Main.storyboard */ = {
			isa = PBXVariantGroup;
			children = (
				8F4A84FF1B88961A00F0F101 /* Base */,
			);
			name = Main.storyboard;
			sourceTree = "<group>";
		};
		8F4A85031B88961A00F0F101 /* LaunchScreen.xib */ = {
			isa = PBXVariantGroup;
			children = (
				8F4A85041B88961A00F0F101 /* Base */,
			);
			name = LaunchScreen.xib;
			sourceTree = "<group>";
		};
/* End PBXVariantGroup section */

/* Begin XCBuildConfiguration section */
		8F4A85121B88961A00F0F101 /* Debug */ = {
			isa = XCBuildConfiguration;
			buildSettings = {
				ALWAYS_SEARCH_USER_PATHS = NO;
				CLANG_CXX_LANGUAGE_STANDARD = "gnu++0x";
				CLANG_CXX_LIBRARY = "libc++";
				CLANG_ENABLE_MODULES = YES;
				CLANG_ENABLE_OBJC_ARC = YES;
				CLANG_WARN_BOOL_CONVERSION = YES;
				CLANG_WARN_CONSTANT_CONVERSION = YES;
				CLANG_WARN_DIRECT_OBJC_ISA_USAGE = YES_ERROR;
				CLANG_WARN_EMPTY_BODY = YES;
				CLANG_WARN_ENUM_CONVERSION = YES;
				CLANG_WARN_INT_CONVERSION = YES;
				CLANG_WARN_OBJC_ROOT_CLASS = YES_ERROR;
				CLANG_WARN_UNREACHABLE_CODE = YES;
				CLANG_WARN__DUPLICATE_METHOD_MATCH = YES;
				"CODE_SIGN_IDENTITY[sdk=iphoneos*]" = "iPhone Developer";
				COPY_PHASE_STRIP = NO;
				DEBUG_INFORMATION_FORMAT = "dwarf-with-dsym";
				ENABLE_STRICT_OBJC_MSGSEND = YES;
				GCC_C_LANGUAGE_STANDARD = gnu99;
				GCC_DYNAMIC_NO_PIC = NO;
				GCC_NO_COMMON_BLOCKS = YES;
				GCC_OPTIMIZATION_LEVEL = 0;
				GCC_PREPROCESSOR_DEFINITIONS = (
					"DEBUG=1",
					"$(inherited)",
				);
				GCC_SYMBOLS_PRIVATE_EXTERN = NO;
				GCC_WARN_64_TO_32_BIT_CONVERSION = YES;
				GCC_WARN_ABOUT_RETURN_TYPE = YES_ERROR;
				GCC_WARN_UNDECLARED_SELECTOR = YES;
				GCC_WARN_UNINITIALIZED_AUTOS = YES_AGGRESSIVE;
				GCC_WARN_UNUSED_FUNCTION = YES;
				GCC_WARN_UNUSED_VARIABLE = YES;
				IPHONEOS_DEPLOYMENT_TARGET = 8.4;
				MTL_ENABLE_DEBUG_INFO = YES;
				ONLY_ACTIVE_ARCH = YES;
				SDKROOT = iphoneos;
			};
			name = Debug;
		};
		8F4A85131B88961A00F0F101 /* Release */ = {
			isa = XCBuildConfiguration;
			buildSettings = {
				ALWAYS_SEARCH_USER_PATHS = NO;
				CLANG_CXX_LANGUAGE_STANDARD = "gnu++0x";
				CLANG_CXX_LIBRARY = "libc++";
				CLANG_ENABLE_MODULES = YES;
				CLANG_ENABLE_OBJC_ARC = YES;
				CLANG_WARN_BOOL_CONVERSION = YES;
				CLANG_WARN_CONSTANT_CONVERSION = YES;
				CLANG_WARN_DIRECT_OBJC_ISA_USAGE = YES_ERROR;
				CLANG_WARN_EMPTY_BODY = YES;
				CLANG_WARN_ENUM_CONVERSION = YES;
				CLANG_WARN_INT_CONVERSION = YES;
				CLANG_WARN_OBJC_ROOT_CLASS = YES_ERROR;
				CLANG_WARN_UNREACHABLE_CODE = YES;
				CLANG_WARN__DUPLICATE_METHOD_MATCH = YES;
				"CODE_SIGN_IDENTITY[sdk=iphoneos*]" = "iPhone Developer";
				COPY_PHASE_STRIP = NO;
				DEBUG_INFORMATION_FORMAT = "dwarf-with-dsym";
				ENABLE_NS_ASSERTIONS = NO;
				ENABLE_STRICT_OBJC_MSGSEND = YES;
				GCC_C_LANGUAGE_STANDARD = gnu99;
				GCC_NO_COMMON_BLOCKS = YES;
				GCC_WARN_64_TO_32_BIT_CONVERSION = YES;
				GCC_WARN_ABOUT_RETURN_TYPE = YES_ERROR;
				GCC_WARN_UNDECLARED_SELECTOR = YES;
				GCC_WARN_UNINITIALIZED_AUTOS = YES_AGGRESSIVE;
				GCC_WARN_UNUSED_FUNCTION = YES;
				GCC_WARN_UNUSED_VARIABLE = YES;
				IPHONEOS_DEPLOYMENT_TARGET = 8.4;
				MTL_ENABLE_DEBUG_INFO = NO;
				SDKROOT = iphoneos;
				VALIDATE_PRODUCT = YES;
			};
			name = Release;
		};
		8F4A85151B88961A00F0F101 /* Debug */ = {
			isa = XCBuildConfiguration;
			buildSettings = {
				ASSETCATALOG_COMPILER_APPICON_NAME = AppIcon;
				INFOPLIST_FILE = "822-02-时钟demo/Info.plist";
				LD_RUNPATH_SEARCH_PATHS = "$(inherited) @executable_path/Frameworks";
				PRODUCT_NAME = "$(TARGET_NAME)";
			};
			name = Debug;
		};
		8F4A85161B88961A00F0F101 /* Release */ = {
			isa = XCBuildConfiguration;
			buildSettings = {
				ASSETCATALOG_COMPILER_APPICON_NAME = AppIcon;
				INFOPLIST_FILE = "822-02-时钟demo/Info.plist";
				LD_RUNPATH_SEARCH_PATHS = "$(inherited) @executable_path/Frameworks";
				PRODUCT_NAME = "$(TARGET_NAME)";
			};
			name = Release;
		};
		8F4A85181B88961A00F0F101 /* Debug */ = {
			isa = XCBuildConfiguration;
			buildSettings = {
				BUNDLE_LOADER = "$(TEST_HOST)";
				FRAMEWORK_SEARCH_PATHS = (
					"$(SDKROOT)/Developer/Library/Frameworks",
					"$(inherited)",
				);
				GCC_PREPROCESSOR_DEFINITIONS = (
					"DEBUG=1",
					"$(inherited)",
				);
				INFOPLIST_FILE = "822-02-时钟demoTests/Info.plist";
				LD_RUNPATH_SEARCH_PATHS = "$(inherited) @executable_path/Frameworks @loader_path/Frameworks";
				PRODUCT_NAME = "$(TARGET_NAME)";
				TEST_HOST = "$(BUILT_PRODUCTS_DIR)/822-02-时钟demo.app/822-02-时钟demo";
			};
			name = Debug;
		};
		8F4A85191B88961A00F0F101 /* Release */ = {
			isa = XCBuildConfiguration;
			buildSettings = {
				BUNDLE_LOADER = "$(TEST_HOST)";
				FRAMEWORK_SEARCH_PATHS = (
					"$(SDKROOT)/Developer/Library/Frameworks",
					"$(inherited)",
				);
				INFOPLIST_FILE = "822-02-时钟demoTests/Info.plist";
				LD_RUNPATH_SEARCH_PATHS = "$(inherited) @executable_path/Frameworks @loader_path/Frameworks";
				PRODUCT_NAME = "$(TARGET_NAME)";
				TEST_HOST = "$(BUILT_PRODUCTS_DIR)/822-02-时钟demo.app/822-02-时钟demo";
			};
			name = Release;
		};
/* End XCBuildConfiguration section */

/* Begin XCConfigurationList section */
		8F4A84EC1B88961A00F0F101 /* Build configuration list for PBXProject "822-02-时钟demo" */ = {
			isa = XCConfigurationList;
			buildConfigurations = (
				8F4A85121B88961A00F0F101 /* Debug */,
				8F4A85131B88961A00F0F101 /* Release */,
			);
			defaultConfigurationIsVisible = 0;
			defaultConfigurationName = Release;
		};
		8F4A85141B88961A00F0F101 /* Build configuration list for PBXNativeTarget "822-02-时钟demo" */ = {
			isa = XCConfigurationList;
			buildConfigurations = (
				8F4A85151B88961A00F0F101 /* Debug */,
				8F4A85161B88961A00F0F101 /* Release */,
			);
			defaultConfigurationIsVisible = 0;
		};
		8F4A85171B88961A00F0F101 /* Build configuration list for PBXNativeTarget "822-02-时钟demoTests" */ = {
			isa = XCConfigurationList;
			buildConfigurations = (
				8F4A85181B88961A00F0F101 /* Debug */,
				8F4A85191B88961A00F0F101 /* Release */,
			);
			defaultConfigurationIsVisible = 0;
		};
/* End XCConfigurationList section */
	};
	rootObject = 8F4A84E91B88961A00F0F101 /* Project object */;
}
