// !$*UTF8*$!
{
	archiveVersion = 1;
	classes = {
	};
	objectVersion = 46;
	objects = {

/* Begin PBXBuildFile section */
		8F4A84C51B884AEC00F0F101 /* main.m in Sources */ = {isa = PBXBuildFile; fileRef = 8F4A84C41B884AEC00F0F101 /* main.m */; };
		8F4A84C81B884AEC00F0F101 /* AppDelegate.m in Sources */ = {isa = PBXBuildFile; fileRef = 8F4A84C71B884AEC00F0F101 /* AppDelegate.m */; };
		8F4A84CB1B884AEC00F0F101 /* ViewController.m in Sources */ = {isa = PBXBuildFile; fileRef = 8F4A84CA1B884AEC00F0F101 /* ViewController.m */; };
		8F4A84CE1B884AEC00F0F101 /* Main.storyboard in Resources */ = {isa = PBXBuildFile; fileRef = 8F4A84CC1B884AEC00F0F101 /* Main.storyboard */; };
		8F4A84D01B884AEC00F0F101 /* Images.xcassets in Resources */ = {isa = PBXBuildFile; fileRef = 8F4A84CF1B884AEC00F0F101 /* Images.xcassets */; };
		8F4A84D31B884AEC00F0F101 /* LaunchScreen.xib in Resources */ = {isa = PBXBuildFile; fileRef = 8F4A84D11B884AEC00F0F101 /* LaunchScreen.xib */; };
		8F4A84DF1B884AEC00F0F101 /* _22_01_CALayerTests.m in Sources */ = {isa = PBXBuildFile; fileRef = 8F4A84DE1B884AEC00F0F101 /* _22_01_CALayerTests.m */; };
/* End PBXBuildFile section */

/* Begin PBXContainerItemProxy section */
		8F4A84D91B884AEC00F0F101 /* PBXContainerItemProxy */ = {
			isa = PBXContainerItemProxy;
			containerPortal = 8F4A84B71B884AEC00F0F101 /* Project object */;
			proxyType = 1;
			remoteGlobalIDString = 8F4A84BE1B884AEC00F0F101;
			remoteInfo = "822-01-CALayer";
		};
/* End PBXContainerItemProxy section */

/* Begin PBXFileReference section */
		8F4A84BF1B884AEC00F0F101 /* 822-01-CALayer.app */ = {isa = PBXFileReference; explicitFileType = wrapper.application; includeInIndex = 0; path = "822-01-CALayer.app"; sourceTree = BUILT_PRODUCTS_DIR; };
		8F4A84C31B884AEC00F0F101 /* Info.plist */ = {isa = PBXFileReference; lastKnownFileType = text.plist.xml; path = Info.plist; sourceTree = "<group>"; };
		8F4A84C41B884AEC00F0F101 /* main.m */ = {isa = PBXFileReference; lastKnownFileType = sourcecode.c.objc; path = main.m; sourceTree = "<group>"; };
		8F4A84C61B884AEC00F0F101 /* AppDelegate.h */ = {isa = PBXFileReference; lastKnownFileType = sourcecode.c.h; path = AppDelegate.h; sourceTree = "<group>"; };
		8F4A84C71B884AEC00F0F101 /* AppDelegate.m */ = {isa = PBXFileReference; lastKnownFileType = sourcecode.c.objc; path = AppDelegate.m; sourceTree = "<group>"; };
		8F4A84C91B884AEC00F0F101 /* ViewController.h */ = {isa = PBXFileReference; lastKnownFileType = sourcecode.c.h; path = ViewController.h; sourceTree = "<group>"; };
		8F4A84CA1B884AEC00F0F101 /* ViewController.m */ = {isa = PBXFileReference; lastKnownFileType = sourcecode.c.objc; path = ViewController.m; sourceTree = "<group>"; };
		8F4A84CD1B884AEC00F0F101 /* Base */ = {isa = PBXFileReference; lastKnownFileType = file.storyboard; name = Base; path = Base.lproj/Main.storyboard; sourceTree = "<group>"; };
		8F4A84CF1B884AEC00F0F101 /* Images.xcassets */ = {isa = PBXFileReference; lastKnownFileType = folder.assetcatalog; path = Images.xcassets; sourceTree = "<group>"; };
		8F4A84D21B884AEC00F0F101 /* Base */ = {isa = PBXFileReference; lastKnownFileType = file.xib; name = Base; path = Base.lproj/LaunchScreen.xib; sourceTree = "<group>"; };
		8F4A84D81B884AEC00F0F101 /* 822-01-CALayerTests.xctest */ = {isa = PBXFileReference; explicitFileType = wrapper.cfbundle; includeInIndex = 0; path = "822-01-CALayerTests.xctest"; sourceTree = BUILT_PRODUCTS_DIR; };
		8F4A84DD1B884AEC00F0F101 /* Info.plist */ = {isa = PBXFileReference; lastKnownFileType = text.plist.xml; path = Info.plist; sourceTree = "<group>"; };
		8F4A84DE1B884AEC00F0F101 /* _22_01_CALayerTests.m */ = {isa = PBXFileReference; lastKnownFileType = sourcecode.c.objc; path = _22_01_CALayerTests.m; sourceTree = "<group>"; };
/* End PBXFileReference section */

/* Begin PBXFrameworksBuildPhase section */
		8F4A84BC1B884AEC00F0F101 /* Frameworks */ = {
			isa = PBXFrameworksBuildPhase;
			buildActionMask = 2147483647;
			files = (
			);
			runOnlyForDeploymentPostprocessing = 0;
		};
		8F4A84D51B884AEC00F0F101 /* Frameworks */ = {
			isa = PBXFrameworksBuildPhase;
			buildActionMask = 2147483647;
			files = (
			);
			runOnlyForDeploymentPostprocessing = 0;
		};
/* End PBXFrameworksBuildPhase section */

/* Begin PBXGroup section */
		8F4A84B61B884AEC00F0F101 = {
			isa = PBXGroup;
			children = (
				8F4A84C11B884AEC00F0F101 /* 822-01-CALayer */,
				8F4A84DB1B884AEC00F0F101 /* 822-01-CALayerTests */,
				8F4A84C01B884AEC00F0F101 /* Products */,
			);
			sourceTree = "<group>";
		};
		8F4A84C01B884AEC00F0F101 /* Products */ = {
			isa = PBXGroup;
			children = (
				8F4A84BF1B884AEC00F0F101 /* 822-01-CALayer.app */,
				8F4A84D81B884AEC00F0F101 /* 822-01-CALayerTests.xctest */,
			);
			name = Products;
			sourceTree = "<group>";
		};
		8F4A84C11B884AEC00F0F101 /* 822-01-CALayer */ = {
			isa = PBXGroup;
			children = (
				8F4A84C61B884AEC00F0F101 /* AppDelegate.h */,
				8F4A84C71B884AEC00F0F101 /* AppDelegate.m */,
				8F4A84C91B884AEC00F0F101 /* ViewController.h */,
				8F4A84CA1B884AEC00F0F101 /* ViewController.m */,
				8F4A84CC1B884AEC00F0F101 /* Main.storyboard */,
				8F4A84CF1B884AEC00F0F101 /* Images.xcassets */,
				8F4A84D11B884AEC00F0F101 /* LaunchScreen.xib */,
				8F4A84C21B884AEC00F0F101 /* Supporting Files */,
			);
			path = "822-01-CALayer";
			sourceTree = "<group>";
		};
		8F4A84C21B884AEC00F0F101 /* Supporting Files */ = {
			isa = PBXGroup;
			children = (
				8F4A84C31B884AEC00F0F101 /* Info.plist */,
				8F4A84C41B884AEC00F0F101 /* main.m */,
			);
			name = "Supporting Files";
			sourceTree = "<group>";
		};
		8F4A84DB1B884AEC00F0F101 /* 822-01-CALayerTests */ = {
			isa = PBXGroup;
			children = (
				8F4A84DE1B884AEC00F0F101 /* _22_01_CALayerTests.m */,
				8F4A84DC1B884AEC00F0F101 /* Supporting Files */,
			);
			path = "822-01-CALayerTests";
			sourceTree = "<group>";
		};
		8F4A84DC1B884AEC00F0F101 /* Supporting Files */ = {
			isa = PBXGroup;
			children = (
				8F4A84DD1B884AEC00F0F101 /* Info.plist */,
			);
			name = "Supporting Files";
			sourceTree = "<group>";
		};
/* End PBXGroup section */

/* Begin PBXNativeTarget section */
		8F4A84BE1B884AEC00F0F101 /* 822-01-CALayer */ = {
			isa = PBXNativeTarget;
			buildConfigurationList = 8F4A84E21B884AEC00F0F101 /* Build configuration list for PBXNativeTarget "822-01-CALayer" */;
			buildPhases = (
				8F4A84BB1B884AEC00F0F101 /* Sources */,
				8F4A84BC1B884AEC00F0F101 /* Frameworks */,
				8F4A84BD1B884AEC00F0F101 /* Resources */,
			);
			buildRules = (
			);
			dependencies = (
			);
			name = "822-01-CALayer";
			productName = "822-01-CALayer";
			productReference = 8F4A84BF1B884AEC00F0F101 /* 822-01-CALayer.app */;
			productType = "com.apple.product-type.application";
		};
		8F4A84D71B884AEC00F0F101 /* 822-01-CALayerTests */ = {
			isa = PBXNativeTarget;
			buildConfigurationList = 8F4A84E51B884AEC00F0F101 /* Build configuration list for PBXNativeTarget "822-01-CALayerTests" */;
			buildPhases = (
				8F4A84D41B884AEC00F0F101 /* Sources */,
				8F4A84D51B884AEC00F0F101 /* Frameworks */,
				8F4A84D61B884AEC00F0F101 /* Resources */,
			);
			buildRules = (
			);
			dependencies = (
				8F4A84DA1B884AEC00F0F101 /* PBXTargetDependency */,
			);
			name = "822-01-CALayerTests";
			productName = "822-01-CALayerTests";
			productReference = 8F4A84D81B884AEC00F0F101 /* 822-01-CALayerTests.xctest */;
			productType = "com.apple.product-type.bundle.unit-test";
		};
/* End PBXNativeTarget section */

/* Begin PBXProject section */
		8F4A84B71B884AEC00F0F101 /* Project object */ = {
			isa = PBXProject;
			attributes = {
				LastUpgradeCheck = 0640;
				ORGANIZATIONNAME = CYX;
				TargetAttributes = {
					8F4A84BE1B884AEC00F0F101 = {
						CreatedOnToolsVersion = 6.4;
					};
					8F4A84D71B884AEC00F0F101 = {
						CreatedOnToolsVersion = 6.4;
						TestTargetID = 8F4A84BE1B884AEC00F0F101;
					};
				};
			};
			buildConfigurationList = 8F4A84BA1B884AEC00F0F101 /* Build configuration list for PBXProject "822-01-CALayer" */;
			compatibilityVersion = "Xcode 3.2";
			developmentRegion = English;
			hasScannedForEncodings = 0;
			knownRegions = (
				en,
				Base,
			);
			mainGroup = 8F4A84B61B884AEC00F0F101;
			productRefGroup = 8F4A84C01B884AEC00F0F101 /* Products */;
			projectDirPath = "";
			projectRoot = "";
			targets = (
				8F4A84BE1B884AEC00F0F101 /* 822-01-CALayer */,
				8F4A84D71B884AEC00F0F101 /* 822-01-CALayerTests */,
			);
		};
/* End PBXProject section */

/* Begin PBXResourcesBuildPhase section */
		8F4A84BD1B884AEC00F0F101 /* Resources */ = {
			isa = PBXResourcesBuildPhase;
			buildActionMask = 2147483647;
			files = (
				8F4A84CE1B884AEC00F0F101 /* Main.storyboard in Resources */,
				8F4A84D31B884AEC00F0F101 /* LaunchScreen.xib in Resources */,
				8F4A84D01B884AEC00F0F101 /* Images.xcassets in Resources */,
			);
			runOnlyForDeploymentPostprocessing = 0;
		};
		8F4A84D61B884AEC00F0F101 /* Resources */ = {
			isa = PBXResourcesBuildPhase;
			buildActionMask = 2147483647;
			files = (
			);
			runOnlyForDeploymentPostprocessing = 0;
		};
/* End PBXResourcesBuildPhase section */

/* Begin PBXSourcesBuildPhase section */
		8F4A84BB1B884AEC00F0F101 /* Sources */ = {
			isa = PBXSourcesBuildPhase;
			buildActionMask = 2147483647;
			files = (
				8F4A84CB1B884AEC00F0F101 /* ViewController.m in Sources */,
				8F4A84C81B884AEC00F0F101 /* AppDelegate.m in Sources */,
				8F4A84C51B884AEC00F0F101 /* main.m in Sources */,
			);
			runOnlyForDeploymentPostprocessing = 0;
		};
		8F4A84D41B884AEC00F0F101 /* Sources */ = {
			isa = PBXSourcesBuildPhase;
			buildActionMask = 2147483647;
			files = (
				8F4A84DF1B884AEC00F0F101 /* _22_01_CALayerTests.m in Sources */,
			);
			runOnlyForDeploymentPostprocessing = 0;
		};
/* End PBXSourcesBuildPhase section */

/* Begin PBXTargetDependency section */
		8F4A84DA1B884AEC00F0F101 /* PBXTargetDependency */ = {
			isa = PBXTargetDependency;
			target = 8F4A84BE1B884AEC00F0F101 /* 822-01-CALayer */;
			targetProxy = 8F4A84D91B884AEC00F0F101 /* PBXContainerItemProxy */;
		};
/* End PBXTargetDependency section */

/* Begin PBXVariantGroup section */
		8F4A84CC1B884AEC00F0F101 /* Main.storyboard */ = {
			isa = PBXVariantGroup;
			children = (
				8F4A84CD1B884AEC00F0F101 /* Base */,
			);
			name = Main.storyboard;
			sourceTree = "<group>";
		};
		8F4A84D11B884AEC00F0F101 /* LaunchScreen.xib */ = {
			isa = PBXVariantGroup;
			children = (
				8F4A84D21B884AEC00F0F101 /* Base */,
			);
			name = LaunchScreen.xib;
			sourceTree = "<group>";
		};
/* End PBXVariantGroup section */

/* Begin XCBuildConfiguration section */
		8F4A84E01B884AEC00F0F101 /* Debug */ = {
			isa = XCBuildConfiguration;
			buildSettings = {
				ALWAYS_SEARCH_USER_PATHS = NO;
				CLANG_CXX_LANGUAGE_STANDARD = "gnu++0x";
				CLANG_CXX_LIBRARY = "libc++";
				CLANG_ENABLE_MODULES = YES;
				CLANG_ENABLE_OBJC_ARC = YES;
				CLANG_WARN_BOOL_CONVERSION = YES;
				CLANG_WARN_CONSTANT_CONVERSION = YES;
				CLANG_WARN_DIRECT_OBJC_ISA_USAGE = YES_ERROR;
				CLANG_WARN_EMPTY_BODY = YES;
				CLANG_WARN_ENUM_CONVERSION = YES;
				CLANG_WARN_INT_CONVERSION = YES;
				CLANG_WARN_OBJC_ROOT_CLASS = YES_ERROR;
				CLANG_WARN_UNREACHABLE_CODE = YES;
				CLANG_WARN__DUPLICATE_METHOD_MATCH = YES;
				"CODE_SIGN_IDENTITY[sdk=iphoneos*]" = "iPhone Developer";
				COPY_PHASE_STRIP = NO;
				DEBUG_INFORMATION_FORMAT = "dwarf-with-dsym";
				ENABLE_STRICT_OBJC_MSGSEND = YES;
				GCC_C_LANGUAGE_STANDARD = gnu99;
				GCC_DYNAMIC_NO_PIC = NO;
				GCC_NO_COMMON_BLOCKS = YES;
				GCC_OPTIMIZATION_LEVEL = 0;
				GCC_PREPROCESSOR_DEFINITIONS = (
					"DEBUG=1",
					"$(inherited)",
				);
				GCC_SYMBOLS_PRIVATE_EXTERN = NO;
				GCC_WARN_64_TO_32_BIT_CONVERSION = YES;
				GCC_WARN_ABOUT_RETURN_TYPE = YES_ERROR;
				GCC_WARN_UNDECLARED_SELECTOR = YES;
				GCC_WARN_UNINITIALIZED_AUTOS = YES_AGGRESSIVE;
				GCC_WARN_UNUSED_FUNCTION = YES;
				GCC_WARN_UNUSED_VARIABLE = YES;
				IPHONEOS_DEPLOYMENT_TARGET = 8.4;
				MTL_ENABLE_DEBUG_INFO = YES;
				ONLY_ACTIVE_ARCH = YES;
				SDKROOT = iphoneos;
			};
			name = Debug;
		};
		8F4A84E11B884AEC00F0F101 /* Release */ = {
			isa = XCBuildConfiguration;
			buildSettings = {
				ALWAYS_SEARCH_USER_PATHS = NO;
				CLANG_CXX_LANGUAGE_STANDARD = "gnu++0x";
				CLANG_CXX_LIBRARY = "libc++";
				CLANG_ENABLE_MODULES = YES;
				CLANG_ENABLE_OBJC_ARC = YES;
				CLANG_WARN_BOOL_CONVERSION = YES;
				CLANG_WARN_CONSTANT_CONVERSION = YES;
				CLANG_WARN_DIRECT_OBJC_ISA_USAGE = YES_ERROR;
				CLANG_WARN_EMPTY_BODY = YES;
				CLANG_WARN_ENUM_CONVERSION = YES;
				CLANG_WARN_INT_CONVERSION = YES;
				CLANG_WARN_OBJC_ROOT_CLASS = YES_ERROR;
				CLANG_WARN_UNREACHABLE_CODE = YES;
				CLANG_WARN__DUPLICATE_METHOD_MATCH = YES;
				"CODE_SIGN_IDENTITY[sdk=iphoneos*]" = "iPhone Developer";
				COPY_PHASE_STRIP = NO;
				DEBUG_INFORMATION_FORMAT = "dwarf-with-dsym";
				ENABLE_NS_ASSERTIONS = NO;
				ENABLE_STRICT_OBJC_MSGSEND = YES;
				GCC_C_LANGUAGE_STANDARD = gnu99;
				GCC_NO_COMMON_BLOCKS = YES;
				GCC_WARN_64_TO_32_BIT_CONVERSION = YES;
				GCC_WARN_ABOUT_RETURN_TYPE = YES_ERROR;
				GCC_WARN_UNDECLARED_SELECTOR = YES;
				GCC_WARN_UNINITIALIZED_AUTOS = YES_AGGRESSIVE;
				GCC_WARN_UNUSED_FUNCTION = YES;
				GCC_WARN_UNUSED_VARIABLE = YES;
				IPHONEOS_DEPLOYMENT_TARGET = 8.4;
				MTL_ENABLE_DEBUG_INFO = NO;
				SDKROOT = iphoneos;
				VALIDATE_PRODUCT = YES;
			};
			name = Release;
		};
		8F4A84E31B884AEC00F0F101 /* Debug */ = {
			isa = XCBuildConfiguration;
			buildSettings = {
				ASSETCATALOG_COMPILER_APPICON_NAME = AppIcon;
				INFOPLIST_FILE = "822-01-CALayer/Info.plist";
				LD_RUNPATH_SEARCH_PATHS = "$(inherited) @executable_path/Frameworks";
				PRODUCT_NAME = "$(TARGET_NAME)";
			};
			name = Debug;
		};
		8F4A84E41B884AEC00F0F101 /* Release */ = {
			isa = XCBuildConfiguration;
			buildSettings = {
				ASSETCATALOG_COMPILER_APPICON_NAME = AppIcon;
				INFOPLIST_FILE = "822-01-CALayer/Info.plist";
				LD_RUNPATH_SEARCH_PATHS = "$(inherited) @executable_path/Frameworks";
				PRODUCT_NAME = "$(TARGET_NAME)";
			};
			name = Release;
		};
		8F4A84E61B884AEC00F0F101 /* Debug */ = {
			isa = XCBuildConfiguration;
			buildSettings = {
				BUNDLE_LOADER = "$(TEST_HOST)";
				FRAMEWORK_SEARCH_PATHS = (
					"$(SDKROOT)/Developer/Library/Frameworks",
					"$(inherited)",
				);
				GCC_PREPROCESSOR_DEFINITIONS = (
					"DEBUG=1",
					"$(inherited)",
				);
				INFOPLIST_FILE = "822-01-CALayerTests/Info.plist";
				LD_RUNPATH_SEARCH_PATHS = "$(inherited) @executable_path/Frameworks @loader_path/Frameworks";
				PRODUCT_NAME = "$(TARGET_NAME)";
				TEST_HOST = "$(BUILT_PRODUCTS_DIR)/822-01-CALayer.app/822-01-CALayer";
			};
			name = Debug;
		};
		8F4A84E71B884AEC00F0F101 /* Release */ = {
			isa = XCBuildConfiguration;
			buildSettings = {
				BUNDLE_LOADER = "$(TEST_HOST)";
				FRAMEWORK_SEARCH_PATHS = (
					"$(SDKROOT)/Developer/Library/Frameworks",
					"$(inherited)",
				);
				INFOPLIST_FILE = "822-01-CALayerTests/Info.plist";
				LD_RUNPATH_SEARCH_PATHS = "$(inherited) @executable_path/Frameworks @loader_path/Frameworks";
				PRODUCT_NAME = "$(TARGET_NAME)";
				TEST_HOST = "$(BUILT_PRODUCTS_DIR)/822-01-CALayer.app/822-01-CALayer";
			};
			name = Release;
		};
/* End XCBuildConfiguration section */

/* Begin XCConfigurationList section */
		8F4A84BA1B884AEC00F0F101 /* Build configuration list for PBXProject "822-01-CALayer" */ = {
			isa = XCConfigurationList;
			buildConfigurations = (
				8F4A84E01B884AEC00F0F101 /* Debug */,
				8F4A84E11B884AEC00F0F101 /* Release */,
			);
			defaultConfigurationIsVisible = 0;
			defaultConfigurationName = Release;
		};
		8F4A84E21B884AEC00F0F101 /* Build configuration list for PBXNativeTarget "822-01-CALayer" */ = {
			isa = XCConfigurationList;
			buildConfigurations = (
				8F4A84E31B884AEC00F0F101 /* Debug */,
				8F4A84E41B884AEC00F0F101 /* Release */,
			);
			defaultConfigurationIsVisible = 0;
		};
		8F4A84E51B884AEC00F0F101 /* Build configuration list for PBXNativeTarget "822-01-CALayerTests" */ = {
			isa = XCConfigurationList;
			buildConfigurations = (
				8F4A84E61B884AEC00F0F101 /* Debug */,
				8F4A84E71B884AEC00F0F101 /* Release */,
			);
			defaultConfigurationIsVisible = 0;
		};
/* End XCConfigurationList section */
	};
	rootObject = 8F4A84B71B884AEC00F0F101 /* Project object */;
}
